
Microsoft Visual Studio Solution File, Format Version 12.00
# Visual Studio Version 17
VisualStudioVersion = 17.13.35931.197 d17.13
MinimumVisualStudioVersion = 10.0.40219.1
Project("{FAE04EC0-301F-11D3-BF4B-00C04F79EFBC}") = "Lab4_oop", "Lab4_oop.csproj", "{48800A67-FD60-45EA-81ED-1E6490EDC600}"
EndProject
Global
	GlobalSection(SolutionConfigurationPlatforms) = preSolution
		Debug|Any CPU = Debug|Any CPU
		Release|Any CPU = Release|Any CPU
	EndGlobalSection
	GlobalSection(ProjectConfigurationPlatforms) = postSolution
		{48800A67-FD60-45EA-81ED-1E6490EDC600}.Debug|Any CPU.ActiveCfg = Debug|Any CPU
		{48800A67-FD60-45EA-81ED-1E6490EDC600}.Debug|Any CPU.Build.0 = Debug|Any CPU
		{48800A67-FD60-45EA-81ED-1E6490EDC600}.Release|Any CPU.ActiveCfg = Release|Any CPU
		{48800A67-FD60-45EA-81ED-1E6490EDC600}.Release|Any CPU.Build.0 = Release|Any CPU
	EndGlobalSection
	GlobalSection(SolutionProperties) = preSolution
		HideSolutionNode = FALSE
	EndGlobalSection
	GlobalSection(ExtensibilityGlobals) = postSolution
		SolutionGuid = {8C8E9D7F-0907-44BC-A324-83701FBB86A7}
	EndGlobalSection
EndGlobal
